
Microsoft Visual Studio Solution File, Format Version 12.00
# Visual Studio Version 16
VisualStudioVersion = 16.0.29009.5
MinimumVisualStudioVersion = 10.0.40219.1
Project("{FAE04EC0-301F-11D3-BF4B-00C04F79EFBC}") = "NCaller", "NCaller\NCaller.csproj", "{B268BCB5-250F-47E7-BE58-EEC10C972FF4}"
EndProject
Global
	GlobalSection(SolutionConfigurationPlatforms) = preSolution
		Debug|Any CPU = Debug|Any CPU
		Release|Any CPU = Release|Any CPU
	EndGlobalSection
	GlobalSection(ProjectConfigurationPlatforms) = postSolution
		{B268BCB5-250F-47E7-BE58-EEC10C972FF4}.Debug|Any CPU.ActiveCfg = Debug|Any CPU
		{B268BCB5-250F-47E7-BE58-EEC10C972FF4}.Debug|Any CPU.Build.0 = Debug|Any CPU
		{B268BCB5-250F-47E7-BE58-EEC10C972FF4}.Release|Any CPU.ActiveCfg = Release|Any CPU
		{B268BCB5-250F-47E7-BE58-EEC10C972FF4}.Release|Any CPU.Build.0 = Release|Any CPU
	EndGlobalSection
	GlobalSection(SolutionProperties) = preSolution
		HideSolutionNode = FALSE
	EndGlobalSection
	GlobalSection(ExtensibilityGlobals) = postSolution
		SolutionGuid = {02128F12-79BF-44E2-9D70-806ED8670AAD}
	EndGlobalSection
EndGlobal
